{"is_source_file": false, "format": "", "description": "", "external_files": [], "external_methods": [], "published": [], "classes": [], "methods": [], "calls": [], "search-terms": [], "state": 2, "file_id": 84, "knowledge_revision": 304, "git_revision": "540899ffcbe32ed51f9b36ffc3f88a3b3673e1a1", "hash": "e9b4c3b42cef0193b7fddb548d37e652", "format-version": 4, "code-base-name": "default", "filename": "mini_mayhem_arcade/post_process_status.lock", "revision_history": [{"304": "540899ffcbe32ed51f9b36ffc3f88a3b3673e1a1"}]}